
Microsoft Visual Studio Solution File, Format Version 12.00
# Visual Studio Version 17
VisualStudioVersion = 17.7.34202.233
MinimumVisualStudioVersion = 10.0.40219.1
Project("{9A19103F-16F7-4668-BE54-9A1E7A4F7556}") = "KnightTournament", "KnightTournament\KnightTournament.csproj", "{4310B9F7-4ABE-4B47-8803-4F9BAE8BBD58}"
EndProject
Global
	GlobalSection(SolutionConfigurationPlatforms) = preSolution
		Debug|Any CPU = Debug|Any CPU
		Release|Any CPU = Release|Any CPU
	EndGlobalSection
	GlobalSection(ProjectConfigurationPlatforms) = postSolution
		{4310B9F7-4ABE-4B47-8803-4F9BAE8BBD58}.Debug|Any CPU.ActiveCfg = Debug|Any CPU
		{4310B9F7-4ABE-4B47-8803-4F9BAE8BBD58}.Debug|Any CPU.Build.0 = Debug|Any CPU
		{4310B9F7-4ABE-4B47-8803-4F9BAE8BBD58}.Release|Any CPU.ActiveCfg = Release|Any CPU
		{4310B9F7-4ABE-4B47-8803-4F9BAE8BBD58}.Release|Any CPU.Build.0 = Release|Any CPU
	EndGlobalSection
	GlobalSection(SolutionProperties) = preSolution
		HideSolutionNode = FALSE
	EndGlobalSection
	GlobalSection(ExtensibilityGlobals) = postSolution
		SolutionGuid = {A9F48673-A005-4084-9CE9-6992E32848EB}
	EndGlobalSection
EndGlobal
